
Microsoft Visual Studio Solution File, Format Version 12.00
# Visual Studio 14
VisualStudioVersion = 14.0.25123.0
MinimumVisualStudioVersion = 10.0.40219.1
Project("{FAE04EC0-301F-11D3-BF4B-00C04F79EFBC}") = "Tool", "Tool\Tool.csproj", "{876EA2BA-7BAC-402A-905B-C848EA76B557}"
EndProject
Project("{FAE04EC0-301F-11D3-BF4B-00C04F79EFBC}") = "MyStore", "MyStore\MyStore.csproj", "{6B3F651D-076C-41EF-84CB-584F0FCD046C}"
EndProject
Project("{FAE04EC0-301F-11D3-BF4B-00C04F79EFBC}") = "Model", "Model\Model.csproj", "{F9722ACF-2215-4EE7-918D-ED6AD33CC45D}"
EndProject
Project("{FAE04EC0-301F-11D3-BF4B-00C04F79EFBC}") = "LogLayer", "LogLayer\LogLayer.csproj", "{BDBFD4A3-BD49-43AA-96DC-1488E1DA53DD}"
EndProject
Global
	GlobalSection(SolutionConfigurationPlatforms) = preSolution
		Debug|Any CPU = Debug|Any CPU
		Release|Any CPU = Release|Any CPU
	EndGlobalSection
	GlobalSection(ProjectConfigurationPlatforms) = postSolution
		{876EA2BA-7BAC-402A-905B-C848EA76B557}.Debug|Any CPU.ActiveCfg = Debug|Any CPU
		{876EA2BA-7BAC-402A-905B-C848EA76B557}.Debug|Any CPU.Build.0 = Debug|Any CPU
		{876EA2BA-7BAC-402A-905B-C848EA76B557}.Release|Any CPU.ActiveCfg = Release|Any CPU
		{876EA2BA-7BAC-402A-905B-C848EA76B557}.Release|Any CPU.Build.0 = Release|Any CPU
		{6B3F651D-076C-41EF-84CB-584F0FCD046C}.Debug|Any CPU.ActiveCfg = Debug|Any CPU
		{6B3F651D-076C-41EF-84CB-584F0FCD046C}.Debug|Any CPU.Build.0 = Debug|Any CPU
		{6B3F651D-076C-41EF-84CB-584F0FCD046C}.Release|Any CPU.ActiveCfg = Release|Any CPU
		{6B3F651D-076C-41EF-84CB-584F0FCD046C}.Release|Any CPU.Build.0 = Release|Any CPU
		{F9722ACF-2215-4EE7-918D-ED6AD33CC45D}.Debug|Any CPU.ActiveCfg = Debug|Any CPU
		{F9722ACF-2215-4EE7-918D-ED6AD33CC45D}.Debug|Any CPU.Build.0 = Debug|Any CPU
		{F9722ACF-2215-4EE7-918D-ED6AD33CC45D}.Release|Any CPU.ActiveCfg = Release|Any CPU
		{F9722ACF-2215-4EE7-918D-ED6AD33CC45D}.Release|Any CPU.Build.0 = Release|Any CPU
		{BDBFD4A3-BD49-43AA-96DC-1488E1DA53DD}.Debug|Any CPU.ActiveCfg = Debug|Any CPU
		{BDBFD4A3-BD49-43AA-96DC-1488E1DA53DD}.Debug|Any CPU.Build.0 = Debug|Any CPU
		{BDBFD4A3-BD49-43AA-96DC-1488E1DA53DD}.Release|Any CPU.ActiveCfg = Release|Any CPU
		{BDBFD4A3-BD49-43AA-96DC-1488E1DA53DD}.Release|Any CPU.Build.0 = Release|Any CPU
	EndGlobalSection
	GlobalSection(SolutionProperties) = preSolution
		HideSolutionNode = FALSE
	EndGlobalSection
EndGlobal
